<?xml version="1.0" encoding="utf-8"?>
<Project ToolsVersion="4.0" xmlns="http://schemas.microsoft.com/developer/msbuild/2003">
  <ItemGroup>
    <Filter Include="Source Files">
      <UniqueIdentifier>{4FC737F1-C7A5-4376-A066-2A32D752A2FF}</UniqueIdentifier>
      <Extensions>cpp;c;cc;cxx;def;odl;idl;hpj;bat;asm;asmx</Extensions>
    </Filter>
    <Filter Include="Header Files">
      <UniqueIdentifier>{93995380-89BD-4b04-88EB-625FBE52EBFB}</UniqueIdentifier>
      <Extensions>h;hh;hpp;hxx;hm;inl;inc;xsd</Extensions>
    </Filter>
    <Filter Include="Resource Files">
      <UniqueIdentifier>{67DA6AB6-F800-4c08-8B7A-83BB121AAD01}</UniqueIdentifier>
      <Extensions>rc;ico;cur;bmp;dlg;rc2;rct;bin;rgs;gif;jpg;jpeg;jpe;resx;tiff;tif;png;wav;mfcribbon-ms</Extensions>
    </Filter>
    <Filter Include="Source Files\Main">
      <UniqueIdentifier>{cc336323-d446-4b98-b5db-b284a116e537}</UniqueIdentifier>
    </Filter>
    <Filter Include="Header Files\Main">
      <UniqueIdentifier>{e84747e3-7ba9-483d-8ba3-4bec8c61136e}</UniqueIdentifier>
    </Filter>
    <Filter Include="Source Files\Game">
      <UniqueIdentifier>{7652f7c5-696f-4284-ba39-6786dd11c295}</UniqueIdentifier>
    </Filter>
    <Filter Include="Source Files\Game\Entity">
      <UniqueIdentifier>{4bd09ba1-dfaa-401d-b1ec-9665ca724d64}</UniqueIdentifier>
    </Filter>
    <Filter Include="Source Files\Renderer">
      <UniqueIdentifier>{fcee6a43-b254-4386-9759-034ff454dd29}</UniqueIdentifier>
    </Filter>
    <Filter Include="Header Files\Game">
      <UniqueIdentifier>{280cffe1-04af-4615-af3a-fa85ed566958}</UniqueIdentifier>
    </Filter>
    <Filter Include="Header Files\Renderer">
      <UniqueIdentifier>{36cb282f-2b5a-4c6b-b5f4-f8c22280546d}</UniqueIdentifier>
    </Filter>
    <Filter Include="Header Files\Game\Entity">
      <UniqueIdentifier>{4a2e6a4d-7d72-4cdb-aabe-34be7ef076a9}</UniqueIdentifier>
    </Filter>
    <Filter Include="Resource Files\images">
      <UniqueIdentifier>{bf23279f-d49f-46c1-8da8-ef212d438190}</UniqueIdentifier>
    </Filter>
  </ItemGroup>
  <ItemGroup>
    <ClCompile Include="stdafx.cpp">
      <Filter>Source Files\Main</Filter>
    </ClCompile>
    <ClCompile Include="Main.cpp">
      <Filter>Source Files\Main</Filter>
    </ClCompile>
    <ClCompile Include="Entity.cpp">
      <Filter>Source Files\Game\Entity</Filter>
    </ClCompile>
    <ClCompile Include="DrawableObject.cpp">
      <Filter>Source Files\Game</Filter>
    </ClCompile>
    <ClCompile Include="Game.cpp">
      <Filter>Source Files\Game</Filter>
    </ClCompile>
    <ClCompile Include="SpriteAnimation.cpp">
      <Filter>Source Files\Game</Filter>
    </ClCompile>
    <ClCompile Include="GameRenderer.cpp">
      <Filter>Source Files\Renderer</Filter>
    </ClCompile>
  </ItemGroup>
  <ItemGroup>
    <ClInclude Include="targetver.h">
      <Filter>Header Files\Main</Filter>
    </ClInclude>
    <ClInclude Include="stdafx.h">
      <Filter>Header Files\Main</Filter>
    </ClInclude>
    <ClInclude Include="Entity.h">
      <Filter>Header Files\Game\Entity</Filter>
    </ClInclude>
    <ClInclude Include="DrawableObject.h">
      <Filter>Header Files\Game</Filter>
    </ClInclude>
    <ClInclude Include="Game.h">
      <Filter>Header Files\Game</Filter>
    </ClInclude>
    <ClInclude Include="SpriteAnimation.h">
      <Filter>Header Files\Game</Filter>
    </ClInclude>
    <ClInclude Include="GameRenderer.h">
      <Filter>Header Files\Renderer</Filter>
    </ClInclude>
  </ItemGroup>
  <ItemGroup>
    <None Include="images\Zelda_Links_Awakening_SpriteSheet.psd">
      <Filter>Resource Files\images</Filter>
    </None>
  </ItemGroup>
</Project>